
Microsoft Visual Studio Solution File, Format Version 12.00
# Visual Studio Version 17
VisualStudioVersion = 17.1.32328.378
MinimumVisualStudioVersion = 10.0.40219.1
Project("{9A19103F-16F7-4668-BE54-9A1E7A4F7556}") = "7 Out Of Space", "7 Out Of Space\7 Out Of Space.csproj", "{D670A036-D447-439E-B0F8-2634E825297B}"
EndProject
Project("{9A19103F-16F7-4668-BE54-9A1E7A4F7556}") = "8 Treetop Tree House", "8 Treetop Tree House\8 Treetop Tree House.csproj", "{338DED72-7F5C-4E36-81C7-0F35EB3B454D}"
EndProject
Project("{9A19103F-16F7-4668-BE54-9A1E7A4F7556}") = "Core", "Core\Core.csproj", "{419A669B-847F-4324-A8DF-DFAA6D0481C5}"
EndProject
Project("{9A19103F-16F7-4668-BE54-9A1E7A4F7556}") = "9 Rope Bridge", "9 Rope Bridge\9 Rope Bridge.csproj", "{468A2CDA-E2D3-462E-BF73-439CB18E4BC0}"
EndProject
Project("{9A19103F-16F7-4668-BE54-9A1E7A4F7556}") = "9 Rope Bridge.Tests", "9 Rope Bridge.Tests\9 Rope Bridge.Tests.csproj", "{2DA3AC6D-5101-4040-AA03-4737CFC0E1A6}"
EndProject
Project("{FAE04EC0-301F-11D3-BF4B-00C04F79EFBC}") = "10 Cathode-Ray Tube", "10 Cathode-Ray Tube\10 Cathode-Ray Tube.csproj", "{44B1813C-AE3C-4F42-90FE-2DA8E007F786}"
EndProject
Global
	GlobalSection(SolutionConfigurationPlatforms) = preSolution
		Debug|Any CPU = Debug|Any CPU
		Release|Any CPU = Release|Any CPU
	EndGlobalSection
	GlobalSection(ProjectConfigurationPlatforms) = postSolution
		{D670A036-D447-439E-B0F8-2634E825297B}.Debug|Any CPU.ActiveCfg = Debug|Any CPU
		{D670A036-D447-439E-B0F8-2634E825297B}.Debug|Any CPU.Build.0 = Debug|Any CPU
		{D670A036-D447-439E-B0F8-2634E825297B}.Release|Any CPU.ActiveCfg = Release|Any CPU
		{D670A036-D447-439E-B0F8-2634E825297B}.Release|Any CPU.Build.0 = Release|Any CPU
		{338DED72-7F5C-4E36-81C7-0F35EB3B454D}.Debug|Any CPU.ActiveCfg = Debug|Any CPU
		{338DED72-7F5C-4E36-81C7-0F35EB3B454D}.Debug|Any CPU.Build.0 = Debug|Any CPU
		{338DED72-7F5C-4E36-81C7-0F35EB3B454D}.Release|Any CPU.ActiveCfg = Release|Any CPU
		{338DED72-7F5C-4E36-81C7-0F35EB3B454D}.Release|Any CPU.Build.0 = Release|Any CPU
		{419A669B-847F-4324-A8DF-DFAA6D0481C5}.Debug|Any CPU.ActiveCfg = Debug|Any CPU
		{419A669B-847F-4324-A8DF-DFAA6D0481C5}.Debug|Any CPU.Build.0 = Debug|Any CPU
		{419A669B-847F-4324-A8DF-DFAA6D0481C5}.Release|Any CPU.ActiveCfg = Release|Any CPU
		{419A669B-847F-4324-A8DF-DFAA6D0481C5}.Release|Any CPU.Build.0 = Release|Any CPU
		{468A2CDA-E2D3-462E-BF73-439CB18E4BC0}.Debug|Any CPU.ActiveCfg = Debug|Any CPU
		{468A2CDA-E2D3-462E-BF73-439CB18E4BC0}.Debug|Any CPU.Build.0 = Debug|Any CPU
		{468A2CDA-E2D3-462E-BF73-439CB18E4BC0}.Release|Any CPU.ActiveCfg = Release|Any CPU
		{468A2CDA-E2D3-462E-BF73-439CB18E4BC0}.Release|Any CPU.Build.0 = Release|Any CPU
		{2DA3AC6D-5101-4040-AA03-4737CFC0E1A6}.Debug|Any CPU.ActiveCfg = Debug|Any CPU
		{2DA3AC6D-5101-4040-AA03-4737CFC0E1A6}.Debug|Any CPU.Build.0 = Debug|Any CPU
		{2DA3AC6D-5101-4040-AA03-4737CFC0E1A6}.Release|Any CPU.ActiveCfg = Release|Any CPU
		{2DA3AC6D-5101-4040-AA03-4737CFC0E1A6}.Release|Any CPU.Build.0 = Release|Any CPU
		{44B1813C-AE3C-4F42-90FE-2DA8E007F786}.Debug|Any CPU.ActiveCfg = Debug|Any CPU
		{44B1813C-AE3C-4F42-90FE-2DA8E007F786}.Debug|Any CPU.Build.0 = Debug|Any CPU
		{44B1813C-AE3C-4F42-90FE-2DA8E007F786}.Release|Any CPU.ActiveCfg = Release|Any CPU
		{44B1813C-AE3C-4F42-90FE-2DA8E007F786}.Release|Any CPU.Build.0 = Release|Any CPU
	EndGlobalSection
	GlobalSection(SolutionProperties) = preSolution
		HideSolutionNode = FALSE
	EndGlobalSection
	GlobalSection(ExtensibilityGlobals) = postSolution
		SolutionGuid = {1C24CC94-EB28-49F0-BFDE-B959D27CF688}
	EndGlobalSection
EndGlobal
